PODS:
  - Bolts/Tasks (1.9.1)
  - JGProgressHUD (2.1)
  - Parse (1.18.0):
    - Parse/Core (= 1.18.0)
  - Parse/Core (1.18.0):
    - Bolts/Tasks (= 1.9.1)

DEPENDENCIES:
  - JGProgressHUD
  - Parse

SPEC REPOS:
  trunk:
    - Bolts
    - JGProgressHUD
    - Parse

SPEC CHECKSUMS:
  Bolts: 8c1e8aab2f603387b8b9924f57d1d64f43d3ffdc
  JGProgressHUD: aa403e9a5b45cae98903c4600cccdd98c0c3ec90
  Parse: 79bdda34fdb7eb2a707a43a951c8aae236cb3e34

PODFILE CHECKSUM: f200a53b9ee767f697e7d7b481cb50e1ee41f166

COCOAPODS: 1.9.1
