// !$*UTF8*$!
{
	archiveVersion = 1;
	classes = {
	};
	objectVersion = 51;
	objects = {

/* Begin PBXBuildFile section */
		11066BEA60E75F6EE35348F0 /* Pods_instagramTests.framework in Frameworks */ = {isa = PBXBuildFile; fileRef = 895991B444BD173744A5C048 /* Pods_instagramTests.framework */; };
		4D92B6A1BB85DC5F666477E3 /* Pods_instagram_instagramUITests.framework in Frameworks */ = {isa = PBXBuildFile; fileRef = 175F0512F4F935F039E7905C /* Pods_instagram_instagramUITests.framework */; };
		CE517A7B24B4138B00268657 /* AppDelegate.m in Sources */ = {isa = PBXBuildFile; fileRef = CE517A7A24B4138B00268657 /* AppDelegate.m */; };
		CE517A7E24B4138B00268657 /* SceneDelegate.m in Sources */ = {isa = PBXBuildFile; fileRef = CE517A7D24B4138B00268657 /* SceneDelegate.m */; };
		CE517A8424B4138B00268657 /* Main.storyboard in Resources */ = {isa = PBXBuildFile; fileRef = CE517A8224B4138B00268657 /* Main.storyboard */; };
		CE517A8624B4138D00268657 /* Assets.xcassets in Resources */ = {isa = PBXBuildFile; fileRef = CE517A8524B4138D00268657 /* Assets.xcassets */; };
		CE517A8924B4138D00268657 /* LaunchScreen.storyboard in Resources */ = {isa = PBXBuildFile; fileRef = CE517A8724B4138D00268657 /* LaunchScreen.storyboard */; };
		CE517A8C24B4138D00268657 /* main.m in Sources */ = {isa = PBXBuildFile; fileRef = CE517A8B24B4138D00268657 /* main.m */; };
		CE517A9624B4138E00268657 /* instagramTests.m in Sources */ = {isa = PBXBuildFile; fileRef = CE517A9524B4138E00268657 /* instagramTests.m */; };
		CE517AA124B4138E00268657 /* instagramUITests.m in Sources */ = {isa = PBXBuildFile; fileRef = CE517AA024B4138E00268657 /* instagramUITests.m */; };
		CE517AB324B43F1900268657 /* LoginVC.m in Sources */ = {isa = PBXBuildFile; fileRef = CE517AB224B43F1900268657 /* LoginVC.m */; };
		CE517AB624B4495A00268657 /* HomeVC.m in Sources */ = {isa = PBXBuildFile; fileRef = CE517AB524B4495A00268657 /* HomeVC.m */; };
		CE517AB924B44EA100268657 /* PostPhotoVC.m in Sources */ = {isa = PBXBuildFile; fileRef = CE517AB824B44EA100268657 /* PostPhotoVC.m */; };
		CE517ABC24B4576E00268657 /* Post.m in Sources */ = {isa = PBXBuildFile; fileRef = CE517ABB24B4576E00268657 /* Post.m */; };
		CE517ABF24B5132200268657 /* PostCell.m in Sources */ = {isa = PBXBuildFile; fileRef = CE517ABE24B5132200268657 /* PostCell.m */; };
		E7875E0FA82A711FBA8A2987 /* Pods_instagram.framework in Frameworks */ = {isa = PBXBuildFile; fileRef = 768F182578C2090F59B073E6 /* Pods_instagram.framework */; };
/* End PBXBuildFile section */

/* Begin PBXContainerItemProxy section */
		CE517A9224B4138E00268657 /* PBXContainerItemProxy */ = {
			isa = PBXContainerItemProxy;
			containerPortal = CE517A6E24B4138B00268657 /* Project object */;
			proxyType = 1;
			remoteGlobalIDString = CE517A7524B4138B00268657;
			remoteInfo = instagram;
		};
		CE517A9D24B4138E00268657 /* PBXContainerItemProxy */ = {
			isa = PBXContainerItemProxy;
			containerPortal = CE517A6E24B4138B00268657 /* Project object */;
			proxyType = 1;
			remoteGlobalIDString = CE517A7524B4138B00268657;
			remoteInfo = instagram;
		};
/* End PBXContainerItemProxy section */

/* Begin PBXFileReference section */
		0CECC64C666A424BDECA93D5 /* Pods-instagram-instagramUITests.release.xcconfig */ = {isa = PBXFileReference; includeInIndex = 1; lastKnownFileType = text.xcconfig; name = "Pods-instagram-instagramUITests.release.xcconfig"; path = "Target Support Files/Pods-instagram-instagramUITests/Pods-instagram-instagramUITests.release.xcconfig"; sourceTree = "<group>"; };
		175F0512F4F935F039E7905C /* Pods_instagram_instagramUITests.framework */ = {isa = PBXFileReference; explicitFileType = wrapper.framework; includeInIndex = 0; path = Pods_instagram_instagramUITests.framework; sourceTree = BUILT_PRODUCTS_DIR; };
		26FFB1991772DE1B061ED35E /* Pods-instagramTests.debug.xcconfig */ = {isa = PBXFileReference; includeInIndex = 1; lastKnownFileType = text.xcconfig; name = "Pods-instagramTests.debug.xcconfig"; path = "Target Support Files/Pods-instagramTests/Pods-instagramTests.debug.xcconfig"; sourceTree = "<group>"; };
		768F182578C2090F59B073E6 /* Pods_instagram.framework */ = {isa = PBXFileReference; explicitFileType = wrapper.framework; includeInIndex = 0; path = Pods_instagram.framework; sourceTree = BUILT_PRODUCTS_DIR; };
		895991B444BD173744A5C048 /* Pods_instagramTests.framework */ = {isa = PBXFileReference; explicitFileType = wrapper.framework; includeInIndex = 0; path = Pods_instagramTests.framework; sourceTree = BUILT_PRODUCTS_DIR; };
		94B822E16EA734B2DCB242E4 /* Pods-instagramTests.release.xcconfig */ = {isa = PBXFileReference; includeInIndex = 1; lastKnownFileType = text.xcconfig; name = "Pods-instagramTests.release.xcconfig"; path = "Target Support Files/Pods-instagramTests/Pods-instagramTests.release.xcconfig"; sourceTree = "<group>"; };
		CE36A0AF885411695B6232F7 /* Pods-instagram.release.xcconfig */ = {isa = PBXFileReference; includeInIndex = 1; lastKnownFileType = text.xcconfig; name = "Pods-instagram.release.xcconfig"; path = "Target Support Files/Pods-instagram/Pods-instagram.release.xcconfig"; sourceTree = "<group>"; };
		CE517A7624B4138B00268657 /* instagram.app */ = {isa = PBXFileReference; explicitFileType = wrapper.application; includeInIndex = 0; path = instagram.app; sourceTree = BUILT_PRODUCTS_DIR; };
		CE517A7924B4138B00268657 /* AppDelegate.h */ = {isa = PBXFileReference; lastKnownFileType = sourcecode.c.h; path = AppDelegate.h; sourceTree = "<group>"; };
		CE517A7A24B4138B00268657 /* AppDelegate.m */ = {isa = PBXFileReference; lastKnownFileType = sourcecode.c.objc; path = AppDelegate.m; sourceTree = "<group>"; };
		CE517A7C24B4138B00268657 /* SceneDelegate.h */ = {isa = PBXFileReference; lastKnownFileType = sourcecode.c.h; path = SceneDelegate.h; sourceTree = "<group>"; };
		CE517A7D24B4138B00268657 /* SceneDelegate.m */ = {isa = PBXFileReference; lastKnownFileType = sourcecode.c.objc; path = SceneDelegate.m; sourceTree = "<group>"; };
		CE517A8324B4138B00268657 /* Base */ = {isa = PBXFileReference; lastKnownFileType = file.storyboard; name = Base; path = Base.lproj/Main.storyboard; sourceTree = "<group>"; };
		CE517A8524B4138D00268657 /* Assets.xcassets */ = {isa = PBXFileReference; lastKnownFileType = folder.assetcatalog; path = Assets.xcassets; sourceTree = "<group>"; };
		CE517A8824B4138D00268657 /* Base */ = {isa = PBXFileReference; lastKnownFileType = file.storyboard; name = Base; path = Base.lproj/LaunchScreen.storyboard; sourceTree = "<group>"; };
		CE517A8A24B4138D00268657 /* Info.plist */ = {isa = PBXFileReference; lastKnownFileType = text.plist.xml; path = Info.plist; sourceTree = "<group>"; };
		CE517A8B24B4138D00268657 /* main.m */ = {isa = PBXFileReference; lastKnownFileType = sourcecode.c.objc; path = main.m; sourceTree = "<group>"; };
		CE517A9124B4138E00268657 /* instagramTests.xctest */ = {isa = PBXFileReference; explicitFileType = wrapper.cfbundle; includeInIndex = 0; path = instagramTests.xctest; sourceTree = BUILT_PRODUCTS_DIR; };
		CE517A9524B4138E00268657 /* instagramTests.m */ = {isa = PBXFileReference; lastKnownFileType = sourcecode.c.objc; path = instagramTests.m; sourceTree = "<group>"; };
		CE517A9724B4138E00268657 /* Info.plist */ = {isa = PBXFileReference; lastKnownFileType = text.plist.xml; path = Info.plist; sourceTree = "<group>"; };
		CE517A9C24B4138E00268657 /* instagramUITests.xctest */ = {isa = PBXFileReference; explicitFileType = wrapper.cfbundle; includeInIndex = 0; path = instagramUITests.xctest; sourceTree = BUILT_PRODUCTS_DIR; };
		CE517AA024B4138E00268657 /* instagramUITests.m */ = {isa = PBXFileReference; lastKnownFileType = sourcecode.c.objc; path = instagramUITests.m; sourceTree = "<group>"; };
		CE517AA224B4138E00268657 /* Info.plist */ = {isa = PBXFileReference; lastKnownFileType = text.plist.xml; path = Info.plist; sourceTree = "<group>"; };
		CE517AB124B43F1900268657 /* LoginVC.h */ = {isa = PBXFileReference; lastKnownFileType = sourcecode.c.h; path = LoginVC.h; sourceTree = "<group>"; };
		CE517AB224B43F1900268657 /* LoginVC.m */ = {isa = PBXFileReference; lastKnownFileType = sourcecode.c.objc; path = LoginVC.m; sourceTree = "<group>"; };
		CE517AB424B4495A00268657 /* HomeVC.h */ = {isa = PBXFileReference; lastKnownFileType = sourcecode.c.h; path = HomeVC.h; sourceTree = "<group>"; };
		CE517AB524B4495A00268657 /* HomeVC.m */ = {isa = PBXFileReference; lastKnownFileType = sourcecode.c.objc; path = HomeVC.m; sourceTree = "<group>"; };
		CE517AB724B44EA100268657 /* PostPhotoVC.h */ = {isa = PBXFileReference; lastKnownFileType = sourcecode.c.h; path = PostPhotoVC.h; sourceTree = "<group>"; };
		CE517AB824B44EA100268657 /* PostPhotoVC.m */ = {isa = PBXFileReference; lastKnownFileType = sourcecode.c.objc; path = PostPhotoVC.m; sourceTree = "<group>"; };
		CE517ABA24B4576E00268657 /* Post.h */ = {isa = PBXFileReference; lastKnownFileType = sourcecode.c.h; path = Post.h; sourceTree = "<group>"; };
		CE517ABB24B4576E00268657 /* Post.m */ = {isa = PBXFileReference; lastKnownFileType = sourcecode.c.objc; path = Post.m; sourceTree = "<group>"; };
		CE517ABD24B5132200268657 /* PostCell.h */ = {isa = PBXFileReference; lastKnownFileType = sourcecode.c.h; path = PostCell.h; sourceTree = "<group>"; };
		CE517ABE24B5132200268657 /* PostCell.m */ = {isa = PBXFileReference; lastKnownFileType = sourcecode.c.objc; path = PostCell.m; sourceTree = "<group>"; };
		DE17809B8D47744D20DEFF83 /* Pods-instagram.debug.xcconfig */ = {isa = PBXFileReference; includeInIndex = 1; lastKnownFileType = text.xcconfig; name = "Pods-instagram.debug.xcconfig"; path = "Target Support Files/Pods-instagram/Pods-instagram.debug.xcconfig"; sourceTree = "<group>"; };
		F7F6C4BDB93B8FB6B5C817B4 /* Pods-instagram-instagramUITests.debug.xcconfig */ = {isa = PBXFileReference; includeInIndex = 1; lastKnownFileType = text.xcconfig; name = "Pods-instagram-instagramUITests.debug.xcconfig"; path = "Target Support Files/Pods-instagram-instagramUITests/Pods-instagram-instagramUITests.debug.xcconfig"; sourceTree = "<group>"; };
/* End PBXFileReference section */

/* Begin PBXFrameworksBuildPhase section */
		CE517A7324B4138B00268657 /* Frameworks */ = {
			isa = PBXFrameworksBuildPhase;
			buildActionMask = 2147483647;
			files = (
				E7875E0FA82A711FBA8A2987 /* Pods_instagram.framework in Frameworks */,
			);
			runOnlyForDeploymentPostprocessing = 0;
		};
		CE517A8E24B4138E00268657 /* Frameworks */ = {
			isa = PBXFrameworksBuildPhase;
			buildActionMask = 2147483647;
			files = (
				11066BEA60E75F6EE35348F0 /* Pods_instagramTests.framework in Frameworks */,
			);
			runOnlyForDeploymentPostprocessing = 0;
		};
		CE517A9924B4138E00268657 /* Frameworks */ = {
			isa = PBXFrameworksBuildPhase;
			buildActionMask = 2147483647;
			files = (
				4D92B6A1BB85DC5F666477E3 /* Pods_instagram_instagramUITests.framework in Frameworks */,
			);
			runOnlyForDeploymentPostprocessing = 0;
		};
/* End PBXFrameworksBuildPhase section */

/* Begin PBXGroup section */
		14A0E90C053C9EB76F55D5FD /* Frameworks */ = {
			isa = PBXGroup;
			children = (
				768F182578C2090F59B073E6 /* Pods_instagram.framework */,
				175F0512F4F935F039E7905C /* Pods_instagram_instagramUITests.framework */,
				895991B444BD173744A5C048 /* Pods_instagramTests.framework */,
			);
			name = Frameworks;
			sourceTree = "<group>";
		};
		22900BA44564900AD00A07CF /* Pods */ = {
			isa = PBXGroup;
			children = (
				DE17809B8D47744D20DEFF83 /* Pods-instagram.debug.xcconfig */,
				CE36A0AF885411695B6232F7 /* Pods-instagram.release.xcconfig */,
				F7F6C4BDB93B8FB6B5C817B4 /* Pods-instagram-instagramUITests.debug.xcconfig */,
				0CECC64C666A424BDECA93D5 /* Pods-instagram-instagramUITests.release.xcconfig */,
				26FFB1991772DE1B061ED35E /* Pods-instagramTests.debug.xcconfig */,
				94B822E16EA734B2DCB242E4 /* Pods-instagramTests.release.xcconfig */,
			);
			path = Pods;
			sourceTree = "<group>";
		};
		CE517A6D24B4138B00268657 = {
			isa = PBXGroup;
			children = (
				CE517A7824B4138B00268657 /* instagram */,
				CE517A9424B4138E00268657 /* instagramTests */,
				CE517A9F24B4138E00268657 /* instagramUITests */,
				CE517A7724B4138B00268657 /* Products */,
				22900BA44564900AD00A07CF /* Pods */,
				14A0E90C053C9EB76F55D5FD /* Frameworks */,
			);
			sourceTree = "<group>";
		};
		CE517A7724B4138B00268657 /* Products */ = {
			isa = PBXGroup;
			children = (
				CE517A7624B4138B00268657 /* instagram.app */,
				CE517A9124B4138E00268657 /* instagramTests.xctest */,
				CE517A9C24B4138E00268657 /* instagramUITests.xctest */,
			);
			name = Products;
			sourceTree = "<group>";
		};
		CE517A7824B4138B00268657 /* instagram */ = {
			isa = PBXGroup;
			children = (
				CE517AB024B43D7100268657 /* Model */,
				CE517AAF24B43D6C00268657 /* View */,
				CE517AAE24B43D6200268657 /* Controllers */,
				CE517A7924B4138B00268657 /* AppDelegate.h */,
				CE517A7A24B4138B00268657 /* AppDelegate.m */,
				CE517A7C24B4138B00268657 /* SceneDelegate.h */,
				CE517A7D24B4138B00268657 /* SceneDelegate.m */,
				CE517A8224B4138B00268657 /* Main.storyboard */,
				CE517A8524B4138D00268657 /* Assets.xcassets */,
				CE517A8724B4138D00268657 /* LaunchScreen.storyboard */,
				CE517A8A24B4138D00268657 /* Info.plist */,
				CE517A8B24B4138D00268657 /* main.m */,
			);
			path = instagram;
			sourceTree = "<group>";
		};
		CE517A9424B4138E00268657 /* instagramTests */ = {
			isa = PBXGroup;
			children = (
				CE517A9524B4138E00268657 /* instagramTests.m */,
				CE517A9724B4138E00268657 /* Info.plist */,
			);
			path = instagramTests;
			sourceTree = "<group>";
		};
		CE517A9F24B4138E00268657 /* instagramUITests */ = {
			isa = PBXGroup;
			children = (
				CE517AA024B4138E00268657 /* instagramUITests.m */,
				CE517AA224B4138E00268657 /* Info.plist */,
			);
			path = instagramUITests;
			sourceTree = "<group>";
		};
		CE517AAE24B43D6200268657 /* Controllers */ = {
			isa = PBXGroup;
			children = (
				CE517AB124B43F1900268657 /* LoginVC.h */,
				CE517AB224B43F1900268657 /* LoginVC.m */,
				CE517AB424B4495A00268657 /* HomeVC.h */,
				CE517AB524B4495A00268657 /* HomeVC.m */,
				CE517AB724B44EA100268657 /* PostPhotoVC.h */,
				CE517AB824B44EA100268657 /* PostPhotoVC.m */,
			);
			path = Controllers;
			sourceTree = "<group>";
		};
		CE517AAF24B43D6C00268657 /* View */ = {
			isa = PBXGroup;
			children = (
				CE517ABD24B5132200268657 /* PostCell.h */,
				CE517ABE24B5132200268657 /* PostCell.m */,
			);
			path = View;
			sourceTree = "<group>";
		};
		CE517AB024B43D7100268657 /* Model */ = {
			isa = PBXGroup;
			children = (
				CE517ABA24B4576E00268657 /* Post.h */,
				CE517ABB24B4576E00268657 /* Post.m */,
			);
			path = Model;
			sourceTree = "<group>";
		};
/* End PBXGroup section */

/* Begin PBXNativeTarget section */
		CE517A7524B4138B00268657 /* instagram */ = {
			isa = PBXNativeTarget;
			buildConfigurationList = CE517AA524B4138E00268657 /* Build configuration list for PBXNativeTarget "instagram" */;
			buildPhases = (
				39D86AE7695FD0CDCC1C79F9 /* [CP] Check Pods Manifest.lock */,
				CE517A7224B4138B00268657 /* Sources */,
				CE517A7324B4138B00268657 /* Frameworks */,
				CE517A7424B4138B00268657 /* Resources */,
				0D5AABB6B09F743DA40522B8 /* [CP] Embed Pods Frameworks */,
			);
			buildRules = (
			);
			dependencies = (
			);
			name = instagram;
			productName = instagram;
			productReference = CE517A7624B4138B00268657 /* instagram.app */;
			productType = "com.apple.product-type.application";
		};
		CE517A9024B4138E00268657 /* instagramTests */ = {
			isa = PBXNativeTarget;
			buildConfigurationList = CE517AA824B4138E00268657 /* Build configuration list for PBXNativeTarget "instagramTests" */;
			buildPhases = (
				65C14C5B21A7C05946FD9720 /* [CP] Check Pods Manifest.lock */,
				CE517A8D24B4138E00268657 /* Sources */,
				CE517A8E24B4138E00268657 /* Frameworks */,
				CE517A8F24B4138E00268657 /* Resources */,
			);
			buildRules = (
			);
			dependencies = (
				CE517A9324B4138E00268657 /* PBXTargetDependency */,
			);
			name = instagramTests;
			productName = instagramTests;
			productReference = CE517A9124B4138E00268657 /* instagramTests.xctest */;
			productType = "com.apple.product-type.bundle.unit-test";
		};
		CE517A9B24B4138E00268657 /* instagramUITests */ = {
			isa = PBXNativeTarget;
			buildConfigurationList = CE517AAB24B4138E00268657 /* Build configuration list for PBXNativeTarget "instagramUITests" */;
			buildPhases = (
				8DCD3206F32CFFA59A65272A /* [CP] Check Pods Manifest.lock */,
				CE517A9824B4138E00268657 /* Sources */,
				CE517A9924B4138E00268657 /* Frameworks */,
				CE517A9A24B4138E00268657 /* Resources */,
				E4193B981DCEA5C29C953E43 /* [CP] Embed Pods Frameworks */,
			);
			buildRules = (
			);
			dependencies = (
				CE517A9E24B4138E00268657 /* PBXTargetDependency */,
			);
			name = instagramUITests;
			productName = instagramUITests;
			productReference = CE517A9C24B4138E00268657 /* instagramUITests.xctest */;
			productType = "com.apple.product-type.bundle.ui-testing";
		};
/* End PBXNativeTarget section */

/* Begin PBXProject section */
		CE517A6E24B4138B00268657 /* Project object */ = {
			isa = PBXProject;
			attributes = {
				LastUpgradeCheck = 1140;
				ORGANIZATIONNAME = "German Flores";
				TargetAttributes = {
					CE517A7524B4138B00268657 = {
						CreatedOnToolsVersion = 11.4.1;
					};
					CE517A9024B4138E00268657 = {
						CreatedOnToolsVersion = 11.4.1;
						TestTargetID = CE517A7524B4138B00268657;
					};
					CE517A9B24B4138E00268657 = {
						CreatedOnToolsVersion = 11.4.1;
						TestTargetID = CE517A7524B4138B00268657;
					};
				};
			};
			buildConfigurationList = CE517A7124B4138B00268657 /* Build configuration list for PBXProject "instagram" */;
			compatibilityVersion = "Xcode 9.3";
			developmentRegion = en;
			hasScannedForEncodings = 0;
			knownRegions = (
				en,
				Base,
			);
			mainGroup = CE517A6D24B4138B00268657;
			productRefGroup = CE517A7724B4138B00268657 /* Products */;
			projectDirPath = "";
			projectRoot = "";
			targets = (
				CE517A7524B4138B00268657 /* instagram */,
				CE517A9024B4138E00268657 /* instagramTests */,
				CE517A9B24B4138E00268657 /* instagramUITests */,
			);
		};
/* End PBXProject section */

/* Begin PBXResourcesBuildPhase section */
		CE517A7424B4138B00268657 /* Resources */ = {
			isa = PBXResourcesBuildPhase;
			buildActionMask = 2147483647;
			files = (
				CE517A8924B4138D00268657 /* LaunchScreen.storyboard in Resources */,
				CE517A8624B4138D00268657 /* Assets.xcassets in Resources */,
				CE517A8424B4138B00268657 /* Main.storyboard in Resources */,
			);
			runOnlyForDeploymentPostprocessing = 0;
		};
		CE517A8F24B4138E00268657 /* Resources */ = {
			isa = PBXResourcesBuildPhase;
			buildActionMask = 2147483647;
			files = (
			);
			runOnlyForDeploymentPostprocessing = 0;
		};
		CE517A9A24B4138E00268657 /* Resources */ = {
			isa = PBXResourcesBuildPhase;
			buildActionMask = 2147483647;
			files = (
			);
			runOnlyForDeploymentPostprocessing = 0;
		};
/* End PBXResourcesBuildPhase section */

/* Begin PBXShellScriptBuildPhase section */
		0D5AABB6B09F743DA40522B8 /* [CP] Embed Pods Frameworks */ = {
			isa = PBXShellScriptBuildPhase;
			buildActionMask = 2147483647;
			files = (
			);
			inputFileListPaths = (
				"${PODS_ROOT}/Target Support Files/Pods-instagram/Pods-instagram-frameworks-${CONFIGURATION}-input-files.xcfilelist",
			);
			name = "[CP] Embed Pods Frameworks";
			outputFileListPaths = (
				"${PODS_ROOT}/Target Support Files/Pods-instagram/Pods-instagram-frameworks-${CONFIGURATION}-output-files.xcfilelist",
			);
			runOnlyForDeploymentPostprocessing = 0;
			shellPath = /bin/sh;
			shellScript = "\"${PODS_ROOT}/Target Support Files/Pods-instagram/Pods-instagram-frameworks.sh\"\n";
			showEnvVarsInLog = 0;
		};
		39D86AE7695FD0CDCC1C79F9 /* [CP] Check Pods Manifest.lock */ = {
			isa = PBXShellScriptBuildPhase;
			buildActionMask = 2147483647;
			files = (
			);
			inputFileListPaths = (
			);
			inputPaths = (
				"${PODS_PODFILE_DIR_PATH}/Podfile.lock",
				"${PODS_ROOT}/Manifest.lock",
			);
			name = "[CP] Check Pods Manifest.lock";
			outputFileListPaths = (
			);
			outputPaths = (
				"$(DERIVED_FILE_DIR)/Pods-instagram-checkManifestLockResult.txt",
			);
			runOnlyForDeploymentPostprocessing = 0;
			shellPath = /bin/sh;
			shellScript = "diff \"${PODS_PODFILE_DIR_PATH}/Podfile.lock\" \"${PODS_ROOT}/Manifest.lock\" > /dev/null\nif [ $? != 0 ] ; then\n    # print error to STDERR\n    echo \"error: The sandbox is not in sync with the Podfile.lock. Run 'pod install' or update your CocoaPods installation.\" >&2\n    exit 1\nfi\n# This output is used by Xcode 'outputs' to avoid re-running this script phase.\necho \"SUCCESS\" > \"${SCRIPT_OUTPUT_FILE_0}\"\n";
			showEnvVarsInLog = 0;
		};
		65C14C5B21A7C05946FD9720 /* [CP] Check Pods Manifest.lock */ = {
			isa = PBXShellScriptBuildPhase;
			buildActionMask = 2147483647;
			files = (
			);
			inputFileListPaths = (
			);
			inputPaths = (
				"${PODS_PODFILE_DIR_PATH}/Podfile.lock",
				"${PODS_ROOT}/Manifest.lock",
			);
			name = "[CP] Check Pods Manifest.lock";
			outputFileListPaths = (
			);
			outputPaths = (
				"$(DERIVED_FILE_DIR)/Pods-instagramTests-checkManifestLockResult.txt",
			);
			runOnlyForDeploymentPostprocessing = 0;
			shellPath = /bin/sh;
			shellScript = "diff \"${PODS_PODFILE_DIR_PATH}/Podfile.lock\" \"${PODS_ROOT}/Manifest.lock\" > /dev/null\nif [ $? != 0 ] ; then\n    # print error to STDERR\n    echo \"error: The sandbox is not in sync with the Podfile.lock. Run 'pod install' or update your CocoaPods installation.\" >&2\n    exit 1\nfi\n# This output is used by Xcode 'outputs' to avoid re-running this script phase.\necho \"SUCCESS\" > \"${SCRIPT_OUTPUT_FILE_0}\"\n";
			showEnvVarsInLog = 0;
		};
		8DCD3206F32CFFA59A65272A /* [CP] Check Pods Manifest.lock */ = {
			isa = PBXShellScriptBuildPhase;
			buildActionMask = 2147483647;
			files = (
			);
			inputFileListPaths = (
			);
			inputPaths = (
				"${PODS_PODFILE_DIR_PATH}/Podfile.lock",
				"${PODS_ROOT}/Manifest.lock",
			);
			name = "[CP] Check Pods Manifest.lock";
			outputFileListPaths = (
			);
			outputPaths = (
				"$(DERIVED_FILE_DIR)/Pods-instagram-instagramUITests-checkManifestLockResult.txt",
			);
			runOnlyForDeploymentPostprocessing = 0;
			shellPath = /bin/sh;
			shellScript = "diff \"${PODS_PODFILE_DIR_PATH}/Podfile.lock\" \"${PODS_ROOT}/Manifest.lock\" > /dev/null\nif [ $? != 0 ] ; then\n    # print error to STDERR\n    echo \"error: The sandbox is not in sync with the Podfile.lock. Run 'pod install' or update your CocoaPods installation.\" >&2\n    exit 1\nfi\n# This output is used by Xcode 'outputs' to avoid re-running this script phase.\necho \"SUCCESS\" > \"${SCRIPT_OUTPUT_FILE_0}\"\n";
			showEnvVarsInLog = 0;
		};
		E4193B981DCEA5C29C953E43 /* [CP] Embed Pods Frameworks */ = {
			isa = PBXShellScriptBuildPhase;
			buildActionMask = 2147483647;
			files = (
			);
			inputFileListPaths = (
				"${PODS_ROOT}/Target Support Files/Pods-instagram-instagramUITests/Pods-instagram-instagramUITests-frameworks-${CONFIGURATION}-input-files.xcfilelist",
			);
			name = "[CP] Embed Pods Frameworks";
			outputFileListPaths = (
				"${PODS_ROOT}/Target Support Files/Pods-instagram-instagramUITests/Pods-instagram-instagramUITests-frameworks-${CONFIGURATION}-output-files.xcfilelist",
			);
			runOnlyForDeploymentPostprocessing = 0;
			shellPath = /bin/sh;
			shellScript = "\"${PODS_ROOT}/Target Support Files/Pods-instagram-instagramUITests/Pods-instagram-instagramUITests-frameworks.sh\"\n";
			showEnvVarsInLog = 0;
		};
/* End PBXShellScriptBuildPhase section */

/* Begin PBXSourcesBuildPhase section */
		CE517A7224B4138B00268657 /* Sources */ = {
			isa = PBXSourcesBuildPhase;
			buildActionMask = 2147483647;
			files = (
				CE517A7B24B4138B00268657 /* AppDelegate.m in Sources */,
				CE517A8C24B4138D00268657 /* main.m in Sources */,
				CE517AB324B43F1900268657 /* LoginVC.m in Sources */,
				CE517ABF24B5132200268657 /* PostCell.m in Sources */,
				CE517AB624B4495A00268657 /* HomeVC.m in Sources */,
				CE517A7E24B4138B00268657 /* SceneDelegate.m in Sources */,
				CE517AB924B44EA100268657 /* PostPhotoVC.m in Sources */,
				CE517ABC24B4576E00268657 /* Post.m in Sources */,
			);
			runOnlyForDeploymentPostprocessing = 0;
		};
		CE517A8D24B4138E00268657 /* Sources */ = {
			isa = PBXSourcesBuildPhase;
			buildActionMask = 2147483647;
			files = (
				CE517A9624B4138E00268657 /* instagramTests.m in Sources */,
			);
			runOnlyForDeploymentPostprocessing = 0;
		};
		CE517A9824B4138E00268657 /* Sources */ = {
			isa = PBXSourcesBuildPhase;
			buildActionMask = 2147483647;
			files = (
				CE517AA124B4138E00268657 /* instagramUITests.m in Sources */,
			);
			runOnlyForDeploymentPostprocessing = 0;
		};
/* End PBXSourcesBuildPhase section */

/* Begin PBXTargetDependency section */
		CE517A9324B4138E00268657 /* PBXTargetDependency */ = {
			isa = PBXTargetDependency;
			target = CE517A7524B4138B00268657 /* instagram */;
			targetProxy = CE517A9224B4138E00268657 /* PBXContainerItemProxy */;
		};
		CE517A9E24B4138E00268657 /* PBXTargetDependency */ = {
			isa = PBXTargetDependency;
			target = CE517A7524B4138B00268657 /* instagram */;
			targetProxy = CE517A9D24B4138E00268657 /* PBXContainerItemProxy */;
		};
/* End PBXTargetDependency section */

/* Begin PBXVariantGroup section */
		CE517A8224B4138B00268657 /* Main.storyboard */ = {
			isa = PBXVariantGroup;
			children = (
				CE517A8324B4138B00268657 /* Base */,
			);
			name = Main.storyboard;
			sourceTree = "<group>";
		};
		CE517A8724B4138D00268657 /* LaunchScreen.storyboard */ = {
			isa = PBXVariantGroup;
			children = (
				CE517A8824B4138D00268657 /* Base */,
			);
			name = LaunchScreen.storyboard;
			sourceTree = "<group>";
		};
/* End PBXVariantGroup section */

/* Begin XCBuildConfiguration section */
		CE517AA324B4138E00268657 /* Debug */ = {
			isa = XCBuildConfiguration;
			buildSettings = {
				ALWAYS_SEARCH_USER_PATHS = NO;
				CLANG_ANALYZER_NONNULL = YES;
				CLANG_ANALYZER_NUMBER_OBJECT_CONVERSION = YES_AGGRESSIVE;
				CLANG_CXX_LANGUAGE_STANDARD = "gnu++14";
				CLANG_CXX_LIBRARY = "libc++";
				CLANG_ENABLE_MODULES = YES;
				CLANG_ENABLE_OBJC_ARC = YES;
				CLANG_ENABLE_OBJC_WEAK = YES;
				CLANG_WARN_BLOCK_CAPTURE_AUTORELEASING = YES;
				CLANG_WARN_BOOL_CONVERSION = YES;
				CLANG_WARN_COMMA = YES;
				CLANG_WARN_CONSTANT_CONVERSION = YES;
				CLANG_WARN_DEPRECATED_OBJC_IMPLEMENTATIONS = YES;
				CLANG_WARN_DIRECT_OBJC_ISA_USAGE = YES_ERROR;
				CLANG_WARN_DOCUMENTATION_COMMENTS = YES;
				CLANG_WARN_EMPTY_BODY = YES;
				CLANG_WARN_ENUM_CONVERSION = YES;
				CLANG_WARN_INFINITE_RECURSION = YES;
				CLANG_WARN_INT_CONVERSION = YES;
				CLANG_WARN_NON_LITERAL_NULL_CONVERSION = YES;
				CLANG_WARN_OBJC_IMPLICIT_RETAIN_SELF = YES;
				CLANG_WARN_OBJC_LITERAL_CONVERSION = YES;
				CLANG_WARN_OBJC_ROOT_CLASS = YES_ERROR;
				CLANG_WARN_RANGE_LOOP_ANALYSIS = YES;
				CLANG_WARN_STRICT_PROTOTYPES = YES;
				CLANG_WARN_SUSPICIOUS_MOVE = YES;
				CLANG_WARN_UNGUARDED_AVAILABILITY = YES_AGGRESSIVE;
				CLANG_WARN_UNREACHABLE_CODE = YES;
				CLANG_WARN__DUPLICATE_METHOD_MATCH = YES;
				COPY_PHASE_STRIP = NO;
				DEBUG_INFORMATION_FORMAT = dwarf;
				ENABLE_STRICT_OBJC_MSGSEND = YES;
				ENABLE_TESTABILITY = YES;
				GCC_C_LANGUAGE_STANDARD = gnu11;
				GCC_DYNAMIC_NO_PIC = NO;
				GCC_NO_COMMON_BLOCKS = YES;
				GCC_OPTIMIZATION_LEVEL = 0;
				GCC_PREPROCESSOR_DEFINITIONS = (
					"DEBUG=1",
					"$(inherited)",
				);
				GCC_WARN_64_TO_32_BIT_CONVERSION = YES;
				GCC_WARN_ABOUT_RETURN_TYPE = YES_ERROR;
				GCC_WARN_UNDECLARED_SELECTOR = YES;
				GCC_WARN_UNINITIALIZED_AUTOS = YES_AGGRESSIVE;
				GCC_WARN_UNUSED_FUNCTION = YES;
				GCC_WARN_UNUSED_VARIABLE = YES;
				IPHONEOS_DEPLOYMENT_TARGET = 13.4;
				MTL_ENABLE_DEBUG_INFO = INCLUDE_SOURCE;
				MTL_FAST_MATH = YES;
				ONLY_ACTIVE_ARCH = YES;
				SDKROOT = iphoneos;
			};
			name = Debug;
		};
		CE517AA424B4138E00268657 /* Release */ = {
			isa = XCBuildConfiguration;
			buildSettings = {
				ALWAYS_SEARCH_USER_PATHS = NO;
				CLANG_ANALYZER_NONNULL = YES;
				CLANG_ANALYZER_NUMBER_OBJECT_CONVERSION = YES_AGGRESSIVE;
				CLANG_CXX_LANGUAGE_STANDARD = "gnu++14";
				CLANG_CXX_LIBRARY = "libc++";
				CLANG_ENABLE_MODULES = YES;
				CLANG_ENABLE_OBJC_ARC = YES;
				CLANG_ENABLE_OBJC_WEAK = YES;
				CLANG_WARN_BLOCK_CAPTURE_AUTORELEASING = YES;
				CLANG_WARN_BOOL_CONVERSION = YES;
				CLANG_WARN_COMMA = YES;
				CLANG_WARN_CONSTANT_CONVERSION = YES;
				CLANG_WARN_DEPRECATED_OBJC_IMPLEMENTATIONS = YES;
				CLANG_WARN_DIRECT_OBJC_ISA_USAGE = YES_ERROR;
				CLANG_WARN_DOCUMENTATION_COMMENTS = YES;
				CLANG_WARN_EMPTY_BODY = YES;
				CLANG_WARN_ENUM_CONVERSION = YES;
				CLANG_WARN_INFINITE_RECURSION = YES;
				CLANG_WARN_INT_CONVERSION = YES;
				CLANG_WARN_NON_LITERAL_NULL_CONVERSION = YES;
				CLANG_WARN_OBJC_IMPLICIT_RETAIN_SELF = YES;
				CLANG_WARN_OBJC_LITERAL_CONVERSION = YES;
				CLANG_WARN_OBJC_ROOT_CLASS = YES_ERROR;
				CLANG_WARN_RANGE_LOOP_ANALYSIS = YES;
				CLANG_WARN_STRICT_PROTOTYPES = YES;
				CLANG_WARN_SUSPICIOUS_MOVE = YES;
				CLANG_WARN_UNGUARDED_AVAILABILITY = YES_AGGRESSIVE;
				CLANG_WARN_UNREACHABLE_CODE = YES;
				CLANG_WARN__DUPLICATE_METHOD_MATCH = YES;
				COPY_PHASE_STRIP = NO;
				DEBUG_INFORMATION_FORMAT = "dwarf-with-dsym";
				ENABLE_NS_ASSERTIONS = NO;
				ENABLE_STRICT_OBJC_MSGSEND = YES;
				GCC_C_LANGUAGE_STANDARD = gnu11;
				GCC_NO_COMMON_BLOCKS = YES;
				GCC_WARN_64_TO_32_BIT_CONVERSION = YES;
				GCC_WARN_ABOUT_RETURN_TYPE = YES_ERROR;
				GCC_WARN_UNDECLARED_SELECTOR = YES;
				GCC_WARN_UNINITIALIZED_AUTOS = YES_AGGRESSIVE;
				GCC_WARN_UNUSED_FUNCTION = YES;
				GCC_WARN_UNUSED_VARIABLE = YES;
				IPHONEOS_DEPLOYMENT_TARGET = 13.4;
				MTL_ENABLE_DEBUG_INFO = NO;
				MTL_FAST_MATH = YES;
				SDKROOT = iphoneos;
				VALIDATE_PRODUCT = YES;
			};
			name = Release;
		};
		CE517AA624B4138E00268657 /* Debug */ = {
			isa = XCBuildConfiguration;
			baseConfigurationReference = DE17809B8D47744D20DEFF83 /* Pods-instagram.debug.xcconfig */;
			buildSettings = {
				ASSETCATALOG_COMPILER_APPICON_NAME = AppIcon;
				CODE_SIGN_STYLE = Automatic;
				DEVELOPMENT_TEAM = 38YTF8688C;
				INFOPLIST_FILE = instagram/Info.plist;
				LD_RUNPATH_SEARCH_PATHS = (
					"$(inherited)",
					"@executable_path/Frameworks",
				);
				PRODUCT_BUNDLE_IDENTIFIER = com.fbu.instagram;
				PRODUCT_NAME = "$(TARGET_NAME)";
				TARGETED_DEVICE_FAMILY = "1,2";
			};
			name = Debug;
		};
		CE517AA724B4138E00268657 /* Release */ = {
			isa = XCBuildConfiguration;
			baseConfigurationReference = CE36A0AF885411695B6232F7 /* Pods-instagram.release.xcconfig */;
			buildSettings = {
				ASSETCATALOG_COMPILER_APPICON_NAME = AppIcon;
				CODE_SIGN_STYLE = Automatic;
				DEVELOPMENT_TEAM = 38YTF8688C;
				INFOPLIST_FILE = instagram/Info.plist;
				LD_RUNPATH_SEARCH_PATHS = (
					"$(inherited)",
					"@executable_path/Frameworks",
				);
				PRODUCT_BUNDLE_IDENTIFIER = com.fbu.instagram;
				PRODUCT_NAME = "$(TARGET_NAME)";
				TARGETED_DEVICE_FAMILY = "1,2";
			};
			name = Release;
		};
		CE517AA924B4138E00268657 /* Debug */ = {
			isa = XCBuildConfiguration;
			baseConfigurationReference = 26FFB1991772DE1B061ED35E /* Pods-instagramTests.debug.xcconfig */;
			buildSettings = {
				BUNDLE_LOADER = "$(TEST_HOST)";
				CODE_SIGN_STYLE = Automatic;
				DEVELOPMENT_TEAM = 38YTF8688C;
				INFOPLIST_FILE = instagramTests/Info.plist;
				IPHONEOS_DEPLOYMENT_TARGET = 13.4;
				LD_RUNPATH_SEARCH_PATHS = (
					"$(inherited)",
					"@executable_path/Frameworks",
					"@loader_path/Frameworks",
				);
				PRODUCT_BUNDLE_IDENTIFIER = com.fbu.instagramTests;
				PRODUCT_NAME = "$(TARGET_NAME)";
				TARGETED_DEVICE_FAMILY = "1,2";
				TEST_HOST = "$(BUILT_PRODUCTS_DIR)/instagram.app/instagram";
			};
			name = Debug;
		};
		CE517AAA24B4138E00268657 /* Release */ = {
			isa = XCBuildConfiguration;
			baseConfigurationReference = 94B822E16EA734B2DCB242E4 /* Pods-instagramTests.release.xcconfig */;
			buildSettings = {
				BUNDLE_LOADER = "$(TEST_HOST)";
				CODE_SIGN_STYLE = Automatic;
				DEVELOPMENT_TEAM = 38YTF8688C;
				INFOPLIST_FILE = instagramTests/Info.plist;
				IPHONEOS_DEPLOYMENT_TARGET = 13.4;
				LD_RUNPATH_SEARCH_PATHS = (
					"$(inherited)",
					"@executable_path/Frameworks",
					"@loader_path/Frameworks",
				);
				PRODUCT_BUNDLE_IDENTIFIER = com.fbu.instagramTests;
				PRODUCT_NAME = "$(TARGET_NAME)";
				TARGETED_DEVICE_FAMILY = "1,2";
				TEST_HOST = "$(BUILT_PRODUCTS_DIR)/instagram.app/instagram";
			};
			name = Release;
		};
		CE517AAC24B4138E00268657 /* Debug */ = {
			isa = XCBuildConfiguration;
			baseConfigurationReference = F7F6C4BDB93B8FB6B5C817B4 /* Pods-instagram-instagramUITests.debug.xcconfig */;
			buildSettings = {
				CODE_SIGN_STYLE = Automatic;
				DEVELOPMENT_TEAM = 38YTF8688C;
				INFOPLIST_FILE = instagramUITests/Info.plist;
				LD_RUNPATH_SEARCH_PATHS = (
					"$(inherited)",
					"@executable_path/Frameworks",
					"@loader_path/Frameworks",
				);
				PRODUCT_BUNDLE_IDENTIFIER = com.fbu.instagramUITests;
				PRODUCT_NAME = "$(TARGET_NAME)";
				TARGETED_DEVICE_FAMILY = "1,2";
				TEST_TARGET_NAME = instagram;
			};
			name = Debug;
		};
		CE517AAD24B4138E00268657 /* Release */ = {
			isa = XCBuildConfiguration;
			baseConfigurationReference = 0CECC64C666A424BDECA93D5 /* Pods-instagram-instagramUITests.release.xcconfig */;
			buildSettings = {
				CODE_SIGN_STYLE = Automatic;
				DEVELOPMENT_TEAM = 38YTF8688C;
				INFOPLIST_FILE = instagramUITests/Info.plist;
				LD_RUNPATH_SEARCH_PATHS = (
					"$(inherited)",
					"@executable_path/Frameworks",
					"@loader_path/Frameworks",
				);
				PRODUCT_BUNDLE_IDENTIFIER = com.fbu.instagramUITests;
				PRODUCT_NAME = "$(TARGET_NAME)";
				TARGETED_DEVICE_FAMILY = "1,2";
				TEST_TARGET_NAME = instagram;
			};
			name = Release;
		};
/* End XCBuildConfiguration section */

/* Begin XCConfigurationList section */
		CE517A7124B4138B00268657 /* Build configuration list for PBXProject "instagram" */ = {
			isa = XCConfigurationList;
			buildConfigurations = (
				CE517AA324B4138E00268657 /* Debug */,
				CE517AA424B4138E00268657 /* Release */,
			);
			defaultConfigurationIsVisible = 0;
			defaultConfigurationName = Release;
		};
		CE517AA524B4138E00268657 /* Build configuration list for PBXNativeTarget "instagram" */ = {
			isa = XCConfigurationList;
			buildConfigurations = (
				CE517AA624B4138E00268657 /* Debug */,
				CE517AA724B4138E00268657 /* Release */,
			);
			defaultConfigurationIsVisible = 0;
			defaultConfigurationName = Release;
		};
		CE517AA824B4138E00268657 /* Build configuration list for PBXNativeTarget "instagramTests" */ = {
			isa = XCConfigurationList;
			buildConfigurations = (
				CE517AA924B4138E00268657 /* Debug */,
				CE517AAA24B4138E00268657 /* Release */,
			);
			defaultConfigurationIsVisible = 0;
			defaultConfigurationName = Release;
		};
		CE517AAB24B4138E00268657 /* Build configuration list for PBXNativeTarget "instagramUITests" */ = {
			isa = XCConfigurationList;
			buildConfigurations = (
				CE517AAC24B4138E00268657 /* Debug */,
				CE517AAD24B4138E00268657 /* Release */,
			);
			defaultConfigurationIsVisible = 0;
			defaultConfigurationName = Release;
		};
/* End XCConfigurationList section */
	};
	rootObject = CE517A6E24B4138B00268657 /* Project object */;
}
